PODS:
  - AFNetworking (4.0.1):
    - AFNetworking/NSURLSession (= 4.0.1)
    - AFNetworking/Reachability (= 4.0.1)
    - AFNetworking/Security (= 4.0.1)
    - AFNetworking/Serialization (= 4.0.1)
    - AFNetworking/UIKit (= 4.0.1)
  - AFNetworking/NSURLSession (4.0.1):
    - AFNetworking/Reachability
    - AFNetworking/Security
    - AFNetworking/Serialization
  - AFNetworking/Reachability (4.0.1)
  - AFNetworking/Security (4.0.1)
  - AFNetworking/Serialization (4.0.1)
  - AFNetworking/UIKit (4.0.1):
    - AFNetworking/NSURLSession
  - GVUserDefaults (1.0.2)
  - HXPhotoPicker (3.3.1):
    - HXPhotoPicker/Default (= 3.3.1)
  - HXPhotoPicker/Default (3.3.1)
  - IQKeyboardManager (6.5.10)
  - Masonry (1.1.0)
  - RGBColorSlider (0.1.2)
  - SDCycleScrollView (1.82):
    - SDWebImage (>= 5.0.0)
  - SDWebImage (5.13.2):
    - SDWebImage/Core (= 5.13.2)
  - SDWebImage/Core (5.13.2)
  - SVProgressHUD (2.2.5)
  - Toast (4.0.0)
  - TYSnapshotScroll (0.3.3)
  - UMCommon (7.3.7):
    - UMDevice
  - UMDevice (2.2.1)
  - UMShare/Core (6.10.6):
    - UMCommon
  - UMShare/Social/ReducedSina (6.10.6):
    - UMCommon
    - UMShare/Core
  - UMShare/Social/ReducedWeChat (6.10.6):
    - UMCommon
    - UMShare/Core
  - UMShare/Social/Sina (6.10.6):
    - UMCommon
    - UMShare/Core
    - UMShare/Social/ReducedSina
  - UMShare/Social/WeChat (6.10.6):
    - UMCommon
    - UMShare/Core
    - UMShare/Social/ReducedWeChat
  - YYKit (1.0.9):
    - YYKit/no-arc (= 1.0.9)
  - YYKit/no-arc (1.0.9)

DEPENDENCIES:
  - AFNetworking
  - GVUserDefaults
  - HXPhotoPicker (~> 3.3.1)
  - IQKeyboardManager
  - Masonry
  - RGBColorSlider
  - SDCycleScrollView (>= 1.82)
  - SDWebImage
  - SVProgressHUD
  - Toast
  - TYSnapshotScroll
  - UMCommon
  - UMDevice
  - UMShare/Social/Sina
  - UMShare/Social/WeChat
  - YYKit

SPEC REPOS:
  trunk:
    - AFNetworking
    - GVUserDefaults
    - HXPhotoPicker
    - IQKeyboardManager
    - Masonry
    - RGBColorSlider
    - SDCycleScrollView
    - SDWebImage
    - SVProgressHUD
    - Toast
    - TYSnapshotScroll
    - UMCommon
    - UMDevice
    - UMShare
    - YYKit

SPEC CHECKSUMS:
  AFNetworking: 7864c38297c79aaca1500c33288e429c3451fdce
  GVUserDefaults: 52d48cf8ba578b40a1a76312b196dfc9134ba36a
  HXPhotoPicker: f1274d0c931ad8564e0f23f33fe8b6110b639bd7
  IQKeyboardManager: 45a1fa55c1a5b02c61ac0fd7fd5b62bb4ad20d97
  Masonry: 678fab65091a9290e40e2832a55e7ab731aad201
  RGBColorSlider: 425099dc03ea753cd8b84977047fe1db01537616
  SDCycleScrollView: a0d74c3384caa72bdfc81470bdbc8c14b3e1fbcf
  SDWebImage: 72f86271a6f3139cc7e4a89220946489d4b9a866
  SVProgressHUD: 1428aafac632c1f86f62aa4243ec12008d7a51d6
  Toast: 91b396c56ee72a5790816f40d3a94dd357abc196
  TYSnapshotScroll: 0fbb89ae83610ef57961b75d3a877d75d75ef181
  UMCommon: 37fe35f498e92cf57bbb06a086f02915fc35f211
  UMDevice: 053478c4b4d7292f31f0a275c227d3c4007a5571
  UMShare: b66d969a5cc7bd9eeffad6ad2ccd8f860d6216dd
  YYKit: 7cda43304a8dc3696c449041e2cb3107b4e236e7

PODFILE CHECKSUM: d1580c3ca31452ec30766185d3f59a3472972564

COCOAPODS: 1.11.3
